
Microsoft Visual Studio Solution File, Format Version 12.00
# Visual Studio Version 17
VisualStudioVersion = 17.9.34728.123
MinimumVisualStudioVersion = 10.0.40219.1
Project("{FAE04EC0-301F-11D3-BF4B-00C04F79EFBC}") = "1150080150_DuongNguyenn", "1150080150_DuongNguyenn.csproj", "{579DD115-73E9-4B46-A546-8DE5047B5146}"
EndProject
Global
	GlobalSection(SolutionConfigurationPlatforms) = preSolution
		Debug|Any CPU = Debug|Any CPU
		Release|Any CPU = Release|Any CPU
	EndGlobalSection
	GlobalSection(ProjectConfigurationPlatforms) = postSolution
		{579DD115-73E9-4B46-A546-8DE5047B5146}.Debug|Any CPU.ActiveCfg = Debug|Any CPU
		{579DD115-73E9-4B46-A546-8DE5047B5146}.Debug|Any CPU.Build.0 = Debug|Any CPU
		{579DD115-73E9-4B46-A546-8DE5047B5146}.Release|Any CPU.ActiveCfg = Release|Any CPU
		{579DD115-73E9-4B46-A546-8DE5047B5146}.Release|Any CPU.Build.0 = Release|Any CPU
	EndGlobalSection
	GlobalSection(SolutionProperties) = preSolution
		HideSolutionNode = FALSE
	EndGlobalSection
	GlobalSection(ExtensibilityGlobals) = postSolution
		SolutionGuid = {E19CAA13-0905-4865-9F0C-F21955B15DF7}
	EndGlobalSection
EndGlobal
